
Microsoft Visual Studio Solution File, Format Version 12.00
# Visual Studio Version 16
VisualStudioVersion = 16.0.810.10
MinimumVisualStudioVersion = 10.0.40219.1
Project("{FAE04EC0-301F-11D3-BF4B-00C04F79EFBC}") = "alc-dotnet", "alc-dotnet.csproj", "{4B0D766D-9117-4E5C-8A72-7CE4E4B0CFEB}"
EndProject
Global
	GlobalSection(SolutionConfigurationPlatforms) = preSolution
		Debug|Any CPU = Debug|Any CPU
		Release|Any CPU = Release|Any CPU
	EndGlobalSection
	GlobalSection(ProjectConfigurationPlatforms) = postSolution
		{4B0D766D-9117-4E5C-8A72-7CE4E4B0CFEB}.Debug|Any CPU.ActiveCfg = Debug|Any CPU
		{4B0D766D-9117-4E5C-8A72-7CE4E4B0CFEB}.Debug|Any CPU.Build.0 = Debug|Any CPU
		{4B0D766D-9117-4E5C-8A72-7CE4E4B0CFEB}.Release|Any CPU.ActiveCfg = Release|Any CPU
		{4B0D766D-9117-4E5C-8A72-7CE4E4B0CFEB}.Release|Any CPU.Build.0 = Release|Any CPU
	EndGlobalSection
	GlobalSection(SolutionProperties) = preSolution
		HideSolutionNode = FALSE
	EndGlobalSection
	GlobalSection(ExtensibilityGlobals) = postSolution
		SolutionGuid = {5439A8A5-7876-4F3C-8DE3-3D665F29ED02}
	EndGlobalSection
EndGlobal
