
Microsoft Visual Studio Solution File, Format Version 12.00
# Visual Studio 2012
Project("{FAE04EC0-301F-11D3-BF4B-00C04F79EFBC}") = "Bug34242", "Bug34242\Bug34242.csproj", "{2626553B-1066-4873-A08A-9186011BD3C5}"
EndProject
Global
	GlobalSection(SolutionConfigurationPlatforms) = preSolution
		Debug|iPhoneSimulator = Debug|iPhoneSimulator
		Release|iPhone = Release|iPhone
		Release|iPhoneSimulator = Release|iPhoneSimulator
		Debug|iPhone = Debug|iPhone
		Debug|Any CPU = Debug|Any CPU
		Release|Any CPU = Release|Any CPU
	EndGlobalSection
	GlobalSection(ProjectConfigurationPlatforms) = postSolution
		{2626553B-1066-4873-A08A-9186011BD3C5}.Debug|Any CPU.ActiveCfg = Debug|iPhoneSimulator
		{2626553B-1066-4873-A08A-9186011BD3C5}.Debug|Any CPU.Build.0 = Debug|iPhoneSimulator
		{2626553B-1066-4873-A08A-9186011BD3C5}.Debug|iPhone.ActiveCfg = Debug|iPhone
		{2626553B-1066-4873-A08A-9186011BD3C5}.Debug|iPhone.Build.0 = Debug|iPhone
		{2626553B-1066-4873-A08A-9186011BD3C5}.Debug|iPhoneSimulator.ActiveCfg = Debug|iPhoneSimulator
		{2626553B-1066-4873-A08A-9186011BD3C5}.Debug|iPhoneSimulator.Build.0 = Debug|iPhoneSimulator
		{2626553B-1066-4873-A08A-9186011BD3C5}.Release|Any CPU.ActiveCfg = Release|iPhone
		{2626553B-1066-4873-A08A-9186011BD3C5}.Release|Any CPU.Build.0 = Release|iPhone
		{2626553B-1066-4873-A08A-9186011BD3C5}.Release|iPhone.ActiveCfg = Release|iPhone
		{2626553B-1066-4873-A08A-9186011BD3C5}.Release|iPhone.Build.0 = Release|iPhone
		{2626553B-1066-4873-A08A-9186011BD3C5}.Release|iPhoneSimulator.ActiveCfg = Release|iPhoneSimulator
		{2626553B-1066-4873-A08A-9186011BD3C5}.Release|iPhoneSimulator.Build.0 = Release|iPhoneSimulator
	EndGlobalSection
EndGlobal
